
Microsoft Visual Studio Solution File, Format Version 12.00
# Visual Studio Version 17
VisualStudioVersion = 17.1.32407.343
MinimumVisualStudioVersion = 10.0.40219.1
Project("{FAE04EC0-301F-11D3-BF4B-00C04F79EFBC}") = "Presentación", "Presentación\Presentación.csproj", "{47E8BF9C-6F91-40DA-80B9-DC913FF7092D}"
EndProject
Project("{FAE04EC0-301F-11D3-BF4B-00C04F79EFBC}") = "dominio", "dominio\dominio.csproj", "{1D47F5FF-A540-4176-90FB-8DA699E4527A}"
EndProject
Project("{FAE04EC0-301F-11D3-BF4B-00C04F79EFBC}") = "negocio", "negocio\negocio.csproj", "{24361130-778C-43A2-AF7A-940951A59113}"
EndProject
Global
	GlobalSection(SolutionConfigurationPlatforms) = preSolution
		Debug|Any CPU = Debug|Any CPU
		Release|Any CPU = Release|Any CPU
	EndGlobalSection
	GlobalSection(ProjectConfigurationPlatforms) = postSolution
		{47E8BF9C-6F91-40DA-80B9-DC913FF7092D}.Debug|Any CPU.ActiveCfg = Debug|Any CPU
		{47E8BF9C-6F91-40DA-80B9-DC913FF7092D}.Debug|Any CPU.Build.0 = Debug|Any CPU
		{47E8BF9C-6F91-40DA-80B9-DC913FF7092D}.Release|Any CPU.ActiveCfg = Release|Any CPU
		{47E8BF9C-6F91-40DA-80B9-DC913FF7092D}.Release|Any CPU.Build.0 = Release|Any CPU
		{1D47F5FF-A540-4176-90FB-8DA699E4527A}.Debug|Any CPU.ActiveCfg = Debug|Any CPU
		{1D47F5FF-A540-4176-90FB-8DA699E4527A}.Debug|Any CPU.Build.0 = Debug|Any CPU
		{1D47F5FF-A540-4176-90FB-8DA699E4527A}.Release|Any CPU.ActiveCfg = Release|Any CPU
		{1D47F5FF-A540-4176-90FB-8DA699E4527A}.Release|Any CPU.Build.0 = Release|Any CPU
		{24361130-778C-43A2-AF7A-940951A59113}.Debug|Any CPU.ActiveCfg = Debug|Any CPU
		{24361130-778C-43A2-AF7A-940951A59113}.Debug|Any CPU.Build.0 = Debug|Any CPU
		{24361130-778C-43A2-AF7A-940951A59113}.Release|Any CPU.ActiveCfg = Release|Any CPU
		{24361130-778C-43A2-AF7A-940951A59113}.Release|Any CPU.Build.0 = Release|Any CPU
	EndGlobalSection
	GlobalSection(SolutionProperties) = preSolution
		HideSolutionNode = FALSE
	EndGlobalSection
	GlobalSection(ExtensibilityGlobals) = postSolution
		SolutionGuid = {4AA0772F-943F-4D31-8AB9-38E7F6845598}
	EndGlobalSection
EndGlobal
